
Microsoft Visual Studio Solution File, Format Version 12.00
# Visual Studio Version 17
VisualStudioVersion = 17.3.32519.111
MinimumVisualStudioVersion = 10.0.40219.1
Project("{2150E333-8FDC-42A3-9474-1A3956D46DE8}") = "Basics", "Basics", "{45CC7923-4E1E-4C4B-97AA-A90565CC03CD}"
	ProjectSection(SolutionItems) = preProject
		Basics\README.md = Basics\README.md
	EndProjectSection
EndProject
Project("{2150E333-8FDC-42A3-9474-1A3956D46DE8}") = "ObjectOrientedProgramming", "ObjectOrientedProgramming", "{1139D0FB-FCB6-46B3-AF25-B50D913DDAC5}"
	ProjectSection(SolutionItems) = preProject
		ObjectOrientedProgramming\README.md = ObjectOrientedProgramming\README.md
	EndProjectSection
EndProject
Project("{2150E333-8FDC-42A3-9474-1A3956D46DE8}") = "UnifiedModelingLanguage", "UnifiedModelingLanguage", "{2C02F19E-7060-4DE8-8772-FB418C854960}"
	ProjectSection(SolutionItems) = preProject
		UnifiedModelingLanguage\README.md = UnifiedModelingLanguage\README.md
	EndProjectSection
EndProject
Project("{2150E333-8FDC-42A3-9474-1A3956D46DE8}") = "DesignPatterns", "DesignPatterns", "{B56DF1C6-02C1-40DB-92AE-45D629BAEEC3}"
	ProjectSection(SolutionItems) = preProject
		DesignPatterns\README.md = DesignPatterns\README.md
	EndProjectSection
EndProject
Project("{2150E333-8FDC-42A3-9474-1A3956D46DE8}") = "DesignPrinciples", "DesignPrinciples", "{B45B8330-5131-446A-BD79-BDD95853976A}"
	ProjectSection(SolutionItems) = preProject
		DesignPrinciples\README.md = DesignPrinciples\README.md
	EndProjectSection
EndProject
Project("{2150E333-8FDC-42A3-9474-1A3956D46DE8}") = "DataStructures", "DataStructures", "{C09AB231-3449-450F-BA55-5904406A78AF}"
	ProjectSection(SolutionItems) = preProject
		DataStructures\README.md = DataStructures\README.md
	EndProjectSection
EndProject
Project("{FAE04EC0-301F-11D3-BF4B-00C04F79EFBC}") = "Randy.ObjectOrientedProgramming", "ObjectOrientedProgramming\Randy.ObjectOrientedProgramming\Randy.ObjectOrientedProgramming.csproj", "{A13324AB-2D50-4D82-9E16-42A4F36688E7}"
EndProject
Project("{9A19103F-16F7-4668-BE54-9A1E7A4F7556}") = "Randy.UnifiedModelingLanguage", "UnifiedModelingLanguage\Randy.UnifiedModelingLanguage\Randy.UnifiedModelingLanguage.csproj", "{526446CD-7CB0-4590-9ADC-E14CC1B568F5}"
EndProject
Project("{FAE04EC0-301F-11D3-BF4B-00C04F79EFBC}") = "Randy.DesignPatterns", "DesignPatterns\Randy.DesignPatterns\Randy.DesignPatterns.csproj", "{3A245ECD-18E4-47F9-8795-15EEC817D57A}"
EndProject
Project("{FAE04EC0-301F-11D3-BF4B-00C04F79EFBC}") = "Randy.DesignPatterns.Tests", "DesignPatterns\Randy.DesignPatterns.Tests\Randy.DesignPatterns.Tests.csproj", "{09D4AB2B-97B0-4660-83D4-E36F15383F42}"
EndProject
Global
	GlobalSection(SolutionConfigurationPlatforms) = preSolution
		Debug|Any CPU = Debug|Any CPU
		Release|Any CPU = Release|Any CPU
	EndGlobalSection
	GlobalSection(ProjectConfigurationPlatforms) = postSolution
		{A13324AB-2D50-4D82-9E16-42A4F36688E7}.Debug|Any CPU.ActiveCfg = Debug|Any CPU
		{A13324AB-2D50-4D82-9E16-42A4F36688E7}.Debug|Any CPU.Build.0 = Debug|Any CPU
		{A13324AB-2D50-4D82-9E16-42A4F36688E7}.Release|Any CPU.ActiveCfg = Release|Any CPU
		{A13324AB-2D50-4D82-9E16-42A4F36688E7}.Release|Any CPU.Build.0 = Release|Any CPU
	EndGlobalSection
	GlobalSection(SolutionConfigurationPlatforms) = preSolution
		Debug|Any CPU = Debug|Any CPU
		Release|Any CPU = Release|Any CPU
	EndGlobalSection
	GlobalSection(ProjectConfigurationPlatforms) = postSolution
		{526446CD-7CB0-4590-9ADC-E14CC1B568F5}.Debug|Any CPU.ActiveCfg = Debug|Any CPU
		{526446CD-7CB0-4590-9ADC-E14CC1B568F5}.Debug|Any CPU.Build.0 = Debug|Any CPU
		{526446CD-7CB0-4590-9ADC-E14CC1B568F5}.Release|Any CPU.ActiveCfg = Release|Any CPU
		{526446CD-7CB0-4590-9ADC-E14CC1B568F5}.Release|Any CPU.Build.0 = Release|Any CPU
		{3A245ECD-18E4-47F9-8795-15EEC817D57A}.Debug|Any CPU.ActiveCfg = Debug|Any CPU
		{3A245ECD-18E4-47F9-8795-15EEC817D57A}.Debug|Any CPU.Build.0 = Debug|Any CPU
		{3A245ECD-18E4-47F9-8795-15EEC817D57A}.Release|Any CPU.ActiveCfg = Release|Any CPU
		{3A245ECD-18E4-47F9-8795-15EEC817D57A}.Release|Any CPU.Build.0 = Release|Any CPU
		{09D4AB2B-97B0-4660-83D4-E36F15383F42}.Debug|Any CPU.ActiveCfg = Debug|Any CPU
		{09D4AB2B-97B0-4660-83D4-E36F15383F42}.Debug|Any CPU.Build.0 = Debug|Any CPU
		{09D4AB2B-97B0-4660-83D4-E36F15383F42}.Release|Any CPU.ActiveCfg = Release|Any CPU
		{09D4AB2B-97B0-4660-83D4-E36F15383F42}.Release|Any CPU.Build.0 = Release|Any CPU
	EndGlobalSection
	GlobalSection(SolutionProperties) = preSolution
		HideSolutionNode = FALSE
	EndGlobalSection
	GlobalSection(NestedProjects) = preSolution
		{1139D0FB-FCB6-46B3-AF25-B50D913DDAC5} = {45CC7923-4E1E-4C4B-97AA-A90565CC03CD}
		{2C02F19E-7060-4DE8-8772-FB418C854960} = {45CC7923-4E1E-4C4B-97AA-A90565CC03CD}
		{B56DF1C6-02C1-40DB-92AE-45D629BAEEC3} = {45CC7923-4E1E-4C4B-97AA-A90565CC03CD}
		{B45B8330-5131-446A-BD79-BDD95853976A} = {45CC7923-4E1E-4C4B-97AA-A90565CC03CD}
		{C09AB231-3449-450F-BA55-5904406A78AF} = {45CC7923-4E1E-4C4B-97AA-A90565CC03CD}
		{A13324AB-2D50-4D82-9E16-42A4F36688E7} = {1139D0FB-FCB6-46B3-AF25-B50D913DDAC5}
		{526446CD-7CB0-4590-9ADC-E14CC1B568F5} = {2C02F19E-7060-4DE8-8772-FB418C854960}
		{3A245ECD-18E4-47F9-8795-15EEC817D57A} = {B56DF1C6-02C1-40DB-92AE-45D629BAEEC3}
		{09D4AB2B-97B0-4660-83D4-E36F15383F42} = {B56DF1C6-02C1-40DB-92AE-45D629BAEEC3}
	EndGlobalSection
	GlobalSection(ExtensibilityGlobals) = postSolution
		SolutionGuid = {CAB0F707-8437-443E-BDA5-19E34978A360}
	EndGlobalSection
EndGlobal
